
Microsoft Visual Studio Solution File, Format Version 12.00
# Visual Studio Version 17
VisualStudioVersion = 17.14.36301.6 d17.14
MinimumVisualStudioVersion = 10.0.40219.1
Project("{FAE04EC0-301F-11D3-BF4B-00C04F79EFBC}") = "CompilerInfocardsUI", "CompilerInfocardsUI\CompilerInfocardsUI.csproj", "{AFE14049-A8A0-4A07-B311-D146D1B58E0D}"
EndProject
Global
	GlobalSection(SolutionConfigurationPlatforms) = preSolution
		Debug|Any CPU = Debug|Any CPU
		Release|Any CPU = Release|Any CPU
	EndGlobalSection
	GlobalSection(ProjectConfigurationPlatforms) = postSolution
		{AFE14049-A8A0-4A07-B311-D146D1B58E0D}.Debug|Any CPU.ActiveCfg = Debug|Any CPU
		{AFE14049-A8A0-4A07-B311-D146D1B58E0D}.Debug|Any CPU.Build.0 = Debug|Any CPU
		{AFE14049-A8A0-4A07-B311-D146D1B58E0D}.Release|Any CPU.ActiveCfg = Release|Any CPU
		{AFE14049-A8A0-4A07-B311-D146D1B58E0D}.Release|Any CPU.Build.0 = Release|Any CPU
	EndGlobalSection
	GlobalSection(SolutionProperties) = preSolution
		HideSolutionNode = FALSE
	EndGlobalSection
	GlobalSection(ExtensibilityGlobals) = postSolution
		SolutionGuid = {AC906CFD-7220-4950-B3F0-4DCE70AF496A}
	EndGlobalSection
EndGlobal
